
Microsoft Visual Studio Solution File, Format Version 12.00
# Visual Studio Version 16
VisualStudioVersion = 16.0.29403.142
MinimumVisualStudioVersion = 10.0.40219.1
Project("{FAE04EC0-301F-11D3-BF4B-00C04F79EFBC}") = "A-Level Library Project", "A-Level Library Project\A-Level Library Project.csproj", "{14FB14EC-5723-492F-A364-8C5E2AFFB165}"
EndProject
Global
	GlobalSection(SolutionConfigurationPlatforms) = preSolution
		Debug|Any CPU = Debug|Any CPU
		Release|Any CPU = Release|Any CPU
	EndGlobalSection
	GlobalSection(ProjectConfigurationPlatforms) = postSolution
		{14FB14EC-5723-492F-A364-8C5E2AFFB165}.Debug|Any CPU.ActiveCfg = Debug|Any CPU
		{14FB14EC-5723-492F-A364-8C5E2AFFB165}.Debug|Any CPU.Build.0 = Debug|Any CPU
		{14FB14EC-5723-492F-A364-8C5E2AFFB165}.Release|Any CPU.ActiveCfg = Release|Any CPU
		{14FB14EC-5723-492F-A364-8C5E2AFFB165}.Release|Any CPU.Build.0 = Release|Any CPU
	EndGlobalSection
	GlobalSection(SolutionProperties) = preSolution
		HideSolutionNode = FALSE
	EndGlobalSection
	GlobalSection(ExtensibilityGlobals) = postSolution
		SolutionGuid = {78D17ADE-02C2-46BE-AEA3-2F885178E46A}
	EndGlobalSection
EndGlobal
